Microsoft Visual Studio Solution File, Format Version 12.00
# Visual Studio Version 18
VisualStudioVersion = 18.4.11626.88 stable
MinimumVisualStudioVersion = 10.0.40219.1
Project("{FAE04EC0-301F-11D3-BF4B-00C04F79EFBC}") = "Borro.Domain", "Borro.Domain\Borro.Domain.csproj", "{AB5C8140-8C24-4FE1-9AAD-6510C7495CAB}"
EndProject
Project("{FAE04EC0-301F-11D3-BF4B-00C04F79EFBC}") = "Borro.Application", "Borro.Application\Borro.Application.csproj", "{355EE44C-F88E-4222-AE25-1ABD92DDDB72}"
EndProject
Project("{FAE04EC0-301F-11D3-BF4B-00C04F79EFBC}") = "Borro.Infrastructure", "Borro.Infrastructure\Borro.Infrastructure.csproj", "{1C9058E3-808C-4184-A802-3DE9265275D1}"
EndProject
Project("{FAE04EC0-301F-11D3-BF4B-00C04F79EFBC}") = "Borro.Api", "Borro.Api\Borro.Api.csproj", "{04B22257-4F64-4080-938F-81AF478D4691}"
EndProject
Project("{FAE04EC0-301F-11D3-BF4B-00C04F79EFBC}") = "Borro.Tests", "Borro.Tests\Borro.Tests.csproj", "{A41DE4D8-7E84-4086-91AB-D854B8DFC084}"
EndProject
Project("{FAE04EC0-301F-11D3-BF4B-00C04F79EFBC}") = "Borro.Application.Tests", "Borro.Application.Tests\Borro.Application.Tests.csproj", "{CF9950F7-1156-48C8-8F9F-4382A583D9E8}"
EndProject
Global
	GlobalSection(SolutionConfigurationPlatforms) = preSolution
		Debug|Any CPU = Debug|Any CPU
		Debug|x64 = Debug|x64
		Debug|x86 = Debug|x86
		Release|Any CPU = Release|Any CPU
		Release|x64 = Release|x64
		Release|x86 = Release|x86
	EndGlobalSection
	GlobalSection(ProjectConfigurationPlatforms) = postSolution
		{AB5C8140-8C24-4FE1-9AAD-6510C7495CAB}.Debug|Any CPU.ActiveCfg = Debug|Any CPU
		{AB5C8140-8C24-4FE1-9AAD-6510C7495CAB}.Debug|Any CPU.Build.0 = Debug|Any CPU
		{AB5C8140-8C24-4FE1-9AAD-6510C7495CAB}.Debug|x64.ActiveCfg = Debug|Any CPU
		{AB5C8140-8C24-4FE1-9AAD-6510C7495CAB}.Debug|x64.Build.0 = Debug|Any CPU
		{AB5C8140-8C24-4FE1-9AAD-6510C7495CAB}.Debug|x86.ActiveCfg = Debug|Any CPU
		{AB5C8140-8C24-4FE1-9AAD-6510C7495CAB}.Debug|x86.Build.0 = Debug|Any CPU
		{AB5C8140-8C24-4FE1-9AAD-6510C7495CAB}.Release|Any CPU.ActiveCfg = Release|Any CPU
		{AB5C8140-8C24-4FE1-9AAD-6510C7495CAB}.Release|Any CPU.Build.0 = Release|Any CPU
		{AB5C8140-8C24-4FE1-9AAD-6510C7495CAB}.Release|x64.ActiveCfg = Release|Any CPU
		{AB5C8140-8C24-4FE1-9AAD-6510C7495CAB}.Release|x64.Build.0 = Release|Any CPU
		{AB5C8140-8C24-4FE1-9AAD-6510C7495CAB}.Release|x86.ActiveCfg = Release|Any CPU
		{AB5C8140-8C24-4FE1-9AAD-6510C7495CAB}.Release|x86.Build.0 = Release|Any CPU
		{355EE44C-F88E-4222-AE25-1ABD92DDDB72}.Debug|Any CPU.ActiveCfg = Debug|Any CPU
		{355EE44C-F88E-4222-AE25-1ABD92DDDB72}.Debug|Any CPU.Build.0 = Debug|Any CPU
		{355EE44C-F88E-4222-AE25-1ABD92DDDB72}.Debug|x64.ActiveCfg = Debug|Any CPU
		{355EE44C-F88E-4222-AE25-1ABD92DDDB72}.Debug|x64.Build.0 = Debug|Any CPU
		{355EE44C-F88E-4222-AE25-1ABD92DDDB72}.Debug|x86.ActiveCfg = Debug|Any CPU
		{355EE44C-F88E-4222-AE25-1ABD92DDDB72}.Debug|x86.Build.0 = Debug|Any CPU
		{355EE44C-F88E-4222-AE25-1ABD92DDDB72}.Release|Any CPU.ActiveCfg = Release|Any CPU
		{355EE44C-F88E-4222-AE25-1ABD92DDDB72}.Release|Any CPU.Build.0 = Release|Any CPU
		{355EE44C-F88E-4222-AE25-1ABD92DDDB72}.Release|x64.ActiveCfg = Release|Any CPU
		{355EE44C-F88E-4222-AE25-1ABD92DDDB72}.Release|x64.Build.0 = Release|Any CPU
		{355EE44C-F88E-4222-AE25-1ABD92DDDB72}.Release|x86.ActiveCfg = Release|Any CPU
		{355EE44C-F88E-4222-AE25-1ABD92DDDB72}.Release|x86.Build.0 = Release|Any CPU
		{1C9058E3-808C-4184-A802-3DE9265275D1}.Debug|Any CPU.ActiveCfg = Debug|Any CPU
		{1C9058E3-808C-4184-A802-3DE9265275D1}.Debug|Any CPU.Build.0 = Debug|Any CPU
		{1C9058E3-808C-4184-A802-3DE9265275D1}.Debug|x64.ActiveCfg = Debug|Any CPU
		{1C9058E3-808C-4184-A802-3DE9265275D1}.Debug|x64.Build.0 = Debug|Any CPU
		{1C9058E3-808C-4184-A802-3DE9265275D1}.Debug|x86.ActiveCfg = Debug|Any CPU
		{1C9058E3-808C-4184-A802-3DE9265275D1}.Debug|x86.Build.0 = Debug|Any CPU
		{1C9058E3-808C-4184-A802-3DE9265275D1}.Release|Any CPU.ActiveCfg = Release|Any CPU
		{1C9058E3-808C-4184-A802-3DE9265275D1}.Release|Any CPU.Build.0 = Release|Any CPU
		{1C9058E3-808C-4184-A802-3DE9265275D1}.Release|x64.ActiveCfg = Release|Any CPU
		{1C9058E3-808C-4184-A802-3DE9265275D1}.Release|x64.Build.0 = Release|Any CPU
		{1C9058E3-808C-4184-A802-3DE9265275D1}.Release|x86.ActiveCfg = Release|Any CPU
		{1C9058E3-808C-4184-A802-3DE9265275D1}.Release|x86.Build.0 = Release|Any CPU
		{04B22257-4F64-4080-938F-81AF478D4691}.Debug|Any CPU.ActiveCfg = Debug|Any CPU
		{04B22257-4F64-4080-938F-81AF478D4691}.Debug|Any CPU.Build.0 = Debug|Any CPU
		{04B22257-4F64-4080-938F-81AF478D4691}.Debug|x64.ActiveCfg = Debug|Any CPU
		{04B22257-4F64-4080-938F-81AF478D4691}.Debug|x64.Build.0 = Debug|Any CPU
		{04B22257-4F64-4080-938F-81AF478D4691}.Debug|x86.ActiveCfg = Debug|Any CPU
		{04B22257-4F64-4080-938F-81AF478D4691}.Debug|x86.Build.0 = Debug|Any CPU
		{04B22257-4F64-4080-938F-81AF478D4691}.Release|Any CPU.ActiveCfg = Release|Any CPU
		{04B22257-4F64-4080-938F-81AF478D4691}.Release|Any CPU.Build.0 = Release|Any CPU
		{04B22257-4F64-4080-938F-81AF478D4691}.Release|x64.ActiveCfg = Release|Any CPU
		{04B22257-4F64-4080-938F-81AF478D4691}.Release|x64.Build.0 = Release|Any CPU
		{04B22257-4F64-4080-938F-81AF478D4691}.Release|x86.ActiveCfg = Release|Any CPU
		{04B22257-4F64-4080-938F-81AF478D4691}.Release|x86.Build.0 = Release|Any CPU
		{A41DE4D8-7E84-4086-91AB-D854B8DFC084}.Debug|Any CPU.ActiveCfg = Debug|Any CPU
		{A41DE4D8-7E84-4086-91AB-D854B8DFC084}.Debug|Any CPU.Build.0 = Debug|Any CPU
		{A41DE4D8-7E84-4086-91AB-D854B8DFC084}.Debug|x64.ActiveCfg = Debug|Any CPU
		{A41DE4D8-7E84-4086-91AB-D854B8DFC084}.Debug|x64.Build.0 = Debug|Any CPU
		{A41DE4D8-7E84-4086-91AB-D854B8DFC084}.Debug|x86.ActiveCfg = Debug|Any CPU
		{A41DE4D8-7E84-4086-91AB-D854B8DFC084}.Debug|x86.Build.0 = Debug|Any CPU
		{A41DE4D8-7E84-4086-91AB-D854B8DFC084}.Release|Any CPU.ActiveCfg = Release|Any CPU
		{A41DE4D8-7E84-4086-91AB-D854B8DFC084}.Release|Any CPU.Build.0 = Release|Any CPU
		{A41DE4D8-7E84-4086-91AB-D854B8DFC084}.Release|x64.ActiveCfg = Release|Any CPU
		{A41DE4D8-7E84-4086-91AB-D854B8DFC084}.Release|x64.Build.0 = Release|Any CPU
		{A41DE4D8-7E84-4086-91AB-D854B8DFC084}.Release|x86.ActiveCfg = Release|Any CPU
		{A41DE4D8-7E84-4086-91AB-D854B8DFC084}.Release|x86.Build.0 = Release|Any CPU
		{CF9950F7-1156-48C8-8F9F-4382A583D9E8}.Debug|Any CPU.ActiveCfg = Debug|Any CPU
		{CF9950F7-1156-48C8-8F9F-4382A583D9E8}.Debug|Any CPU.Build.0 = Debug|Any CPU
		{CF9950F7-1156-48C8-8F9F-4382A583D9E8}.Debug|x64.ActiveCfg = Debug|Any CPU
		{CF9950F7-1156-48C8-8F9F-4382A583D9E8}.Debug|x64.Build.0 = Debug|Any CPU
		{CF9950F7-1156-48C8-8F9F-4382A583D9E8}.Debug|x86.ActiveCfg = Debug|Any CPU
		{CF9950F7-1156-48C8-8F9F-4382A583D9E8}.Debug|x86.Build.0 = Debug|Any CPU
		{CF9950F7-1156-48C8-8F9F-4382A583D9E8}.Release|Any CPU.ActiveCfg = Release|Any CPU
		{CF9950F7-1156-48C8-8F9F-4382A583D9E8}.Release|Any CPU.Build.0 = Release|Any CPU
		{CF9950F7-1156-48C8-8F9F-4382A583D9E8}.Release|x64.ActiveCfg = Release|Any CPU
		{CF9950F7-1156-48C8-8F9F-4382A583D9E8}.Release|x64.Build.0 = Release|Any CPU
		{CF9950F7-1156-48C8-8F9F-4382A583D9E8}.Release|x86.ActiveCfg = Release|Any CPU
		{CF9950F7-1156-48C8-8F9F-4382A583D9E8}.Release|x86.Build.0 = Release|Any CPU
	EndGlobalSection
	GlobalSection(SolutionProperties) = preSolution
		HideSolutionNode = FALSE
	EndGlobalSection
	GlobalSection(ExtensibilityGlobals) = postSolution
		SolutionGuid = {E2E65C64-49CC-4008-ACF5-4EAE53B38AA1}
	EndGlobalSection
EndGlobal
